schema: '2.0'
stages:
  data_ingestion:
    cmd: python src/data/data_ingestion.py
    deps:
    - path: src/data/data_ingestion.py
      hash: md5
      md5: caaf549d488798bd2084e75336efb97f
      size: 4219
    params:
      params.yaml:
        data_ingestion.test_size: 0.28
    outs:
    - path: data/raw
      hash: md5
      md5: 2e9e83d187494032f7f91385ae27f13f.dir
      size: 6882906
      nfiles: 2
  data_preprocessing:
    cmd: python src/data/data_preprocessing.py
    deps:
    - path: data/raw/test.csv
      hash: md5
      md5: 2cadf075f3d480d37fd82fe73c3d18d3
      size: 1881985
    - path: data/raw/train.csv
      hash: md5
      md5: 4dc402294ac529e0295c864782f80573
      size: 5000921
    - path: src/data/data_preprocessing.py
      hash: md5
      md5: 0caf3d4322a07e68476124fa3cd75e24
      size: 3747
    outs:
    - path: data/interim
      hash: md5
      md5: c1d462b6b2b85de7f8e4c328e3f74cd3.dir
      size: 5098055
      nfiles: 2
  model_building:
    cmd: python src/model/model_building.py
    deps:
    - path: data/interim/train_processed.csv
      hash: md5
      md5: 5e000aa2a8e91cc597ad341872af523d
      size: 3703461
    - path: src/model/model_building.py
      hash: md5
      md5: bf5bc1d39035d48f9bbbd7abe1a07ea7
      size: 5506
    params:
      params.yaml:
        model_building.learning_rate: 0.09
        model_building.max_depth: 20
        model_building.max_features: 10000
        model_building.n_estimators: 367
        model_building.ngram_range:
        - 1
        - 3
    outs:
    - path: lgbm_model.pkl
      hash: md5
      md5: 0566e5850e7f4241f7fbe47cf5cad7a0
      size: 4110020
    - path: tfidf_vectorizer.pkl
      hash: md5
      md5: e69b7cb429f222099ed25e4184daf6e6
      size: 384024
  model_evaluation:
    cmd: python src/model/model_evaluation.py
    deps:
    - path: data/interim/test_processed.csv
      hash: md5
      md5: c4a15ac97a8a806733c53166c3e0c67f
      size: 1394594
    - path: data/interim/train_processed.csv
      hash: md5
      md5: 5e000aa2a8e91cc597ad341872af523d
      size: 3703461
    - path: lgbm_model.pkl
      hash: md5
      md5: 0566e5850e7f4241f7fbe47cf5cad7a0
      size: 4110020
    - path: src/model/model_evaluation.py
      hash: md5
      md5: a51c2ff4510657a21c9f805bbfd2e23e
      size: 6165
    - path: tfidf_vectorizer.pkl
      hash: md5
      md5: e69b7cb429f222099ed25e4184daf6e6
      size: 384024
    outs:
    - path: experiment_info.json
      hash: md5
      md5: 3e19f708fb58612f762b26ef462ea90e
      size: 84
  model_registration:
    cmd: python src/model/model_registration.py
    deps:
    - path: experiment_info.json
      hash: md5
      md5: 3e19f708fb58612f762b26ef462ea90e
      size: 84
    - path: src/model/model_registration.py
      hash: md5
      md5: 0dce4511c7d6c763d1eaaa54fbe3c30b
      size: 3541
