schema: '2.0'
stages:
  data_ingestion:
    cmd: python src/data/data_ingestion.py
    deps:
    - path: src/data/data_ingestion.py
      hash: md5
      md5: caaf549d488798bd2084e75336efb97f
      size: 4219
    params:
      params.yaml:
        data_ingestion.test_size: 0.26
    outs:
    - path: data/raw
      hash: md5
      md5: 20bdb0cbce6d4a3215409986e0842326.dir
      size: 6882906
      nfiles: 2
  data_preprocessing:
    cmd: python src/data/data_preprocessing.py
    deps:
    - path: data/raw/test.csv
      hash: md5
      md5: 54f2a6ab9fc068d9d33adf95904551c6
      size: 1736364
    - path: data/raw/train.csv
      hash: md5
      md5: 9ddfe138ffe73e46a122bfb0427ff339
      size: 5146542
    - path: src/data/data_preprocessing.py
      hash: md5
      md5: 0caf3d4322a07e68476124fa3cd75e24
      size: 3747
    outs:
    - path: data/interim
      hash: md5
      md5: d67e03118f96032fdd0772c4a6a8dff6.dir
      size: 5098055
      nfiles: 2
  model_building:
    cmd: python src/model/model_building.py
    deps:
    - path: data/interim/train_processed.csv
      hash: md5
      md5: 345b1d171c70e1a39a66307000c8263d
      size: 3810901
    - path: src/model/model_building.py
      hash: md5
      md5: bf5bc1d39035d48f9bbbd7abe1a07ea7
      size: 5506
    params:
      params.yaml:
        model_building.learning_rate: 0.09
        model_building.max_depth: 20
        model_building.max_features: 10000
        model_building.n_estimators: 367
        model_building.ngram_range:
        - 1
        - 3
    outs:
    - path: lgbm_model.pkl
      hash: md5
      md5: 5602232a06a3af724898189e3ae9157a
      size: 4113304
    - path: tfidf_vectorizer.pkl
      hash: md5
      md5: e35984274a804fd3cad1a3362a2d5bea
      size: 383970
  model_evaluation:
    cmd: python src/model/model_evaluation.py
    deps:
    - path: data/interim/test_processed.csv
      hash: md5
      md5: 233bfd75d5a04c5dbcef33a05b8cf957
      size: 1287154
    - path: data/interim/train_processed.csv
      hash: md5
      md5: 345b1d171c70e1a39a66307000c8263d
      size: 3810901
    - path: lgbm_model.pkl
      hash: md5
      md5: 5602232a06a3af724898189e3ae9157a
      size: 4113304
    - path: src/model/model_evaluation.py
      hash: md5
      md5: c2eb959af259e1ade23eb6a5fbddc5e2
      size: 6021
    - path: tfidf_vectorizer.pkl
      hash: md5
      md5: e35984274a804fd3cad1a3362a2d5bea
      size: 383970
    outs:
    - path: experiment_info.json
      hash: md5
      md5: a4b3c8c213d656f85d7146fe3f2e96f0
      size: 84
  model_registration:
    cmd: python src/model/model_registration.py
    deps:
    - path: experiment_info.json
      hash: md5
      md5: a4b3c8c213d656f85d7146fe3f2e96f0
      size: 84
    - path: src/model/model_registration.py
      hash: md5
      md5: 0dce4511c7d6c763d1eaaa54fbe3c30b
      size: 3541
